
Microsoft Visual Studio Solution File, Format Version 12.00
# Visual Studio Version 16
VisualStudioVersion = 16.0.29609.76
MinimumVisualStudioVersion = 10.0.40219.1
Project("{8BC9CEB8-8B4A-11D0-8D11-00A0C91BC942}") = "Bubble Puzzle Shooter", "Bubble Puzzle Shooter.vcxproj", "{3929C588-0823-4CD2-9C3C-9F2A6AF61FDE}"
EndProject
Global
	GlobalSection(SolutionConfigurationPlatforms) = preSolution
		Debug|x64 = Debug|x64
		Debug|x86 = Debug|x86
		Release|x64 = Release|x64
		Release|x86 = Release|x86
	EndGlobalSection
	GlobalSection(ProjectConfigurationPlatforms) = postSolution
		{3929C588-0823-4CD2-9C3C-9F2A6AF61FDE}.Debug|x64.ActiveCfg = Debug|x64
		{3929C588-0823-4CD2-9C3C-9F2A6AF61FDE}.Debug|x64.Build.0 = Debug|x64
		{3929C588-0823-4CD2-9C3C-9F2A6AF61FDE}.Debug|x86.ActiveCfg = Debug|Win32
		{3929C588-0823-4CD2-9C3C-9F2A6AF61FDE}.Debug|x86.Build.0 = Debug|Win32
		{3929C588-0823-4CD2-9C3C-9F2A6AF61FDE}.Release|x64.ActiveCfg = Release|x64
		{3929C588-0823-4CD2-9C3C-9F2A6AF61FDE}.Release|x64.Build.0 = Release|x64
		{3929C588-0823-4CD2-9C3C-9F2A6AF61FDE}.Release|x86.ActiveCfg = Release|Win32
		{3929C588-0823-4CD2-9C3C-9F2A6AF61FDE}.Release|x86.Build.0 = Release|Win32
	EndGlobalSection
	GlobalSection(SolutionProperties) = preSolution
		HideSolutionNode = FALSE
	EndGlobalSection
	GlobalSection(ExtensibilityGlobals) = postSolution
		SolutionGuid = {B3040619-3497-4CB8-AD12-07BDE41881F0}
	EndGlobalSection
EndGlobal
